// !$*UTF8*$!
{
	archiveVersion = 1;
	classes = {
	};
	objectVersion = 46;
	objects = {

/* Begin PBXBuildFile section */
		DE1ABBFF1CA3B7A900C3EBE5 /* EventKit.framework in Frameworks */ = {isa = PBXBuildFile; fileRef = DE1ABBFE1CA3B7A900C3EBE5 /* EventKit.framework */; };
		DE1ABC571CA5ADCA00C3EBE5 /* SetReminderViewController.swift in Sources */ = {isa = PBXBuildFile; fileRef = DE1ABC561CA5ADCA00C3EBE5 /* SetReminderViewController.swift */; };
		DE2D37591C9E285500F30575 /* PadPersistence.swift in Sources */ = {isa = PBXBuildFile; fileRef = DE2D37581C9E285500F30575 /* PadPersistence.swift */; };
		DE8BBED11C339B4900482DA7 /* AppDelegate.swift in Sources */ = {isa = PBXBuildFile; fileRef = DE8BBED01C339B4900482DA7 /* AppDelegate.swift */; };
		DE8BBED31C339B4900482DA7 /* NotepadTableViewController.swift in Sources */ = {isa = PBXBuildFile; fileRef = DE8BBED21C339B4900482DA7 /* NotepadTableViewController.swift */; };
		DE8BBED61C339B4900482DA7 /* Main.storyboard in Resources */ = {isa = PBXBuildFile; fileRef = DE8BBED41C339B4900482DA7 /* Main.storyboard */; };
		DE8BBEDB1C339B4900482DA7 /* Assets.xcassets in Resources */ = {isa = PBXBuildFile; fileRef = DE8BBEDA1C339B4900482DA7 /* Assets.xcassets */; };
		DE8BBEDE1C339B4900482DA7 /* LaunchScreen.storyboard in Resources */ = {isa = PBXBuildFile; fileRef = DE8BBEDC1C339B4900482DA7 /* LaunchScreen.storyboard */; };
		DE96ECA51CBE1C8900BAE7A8 /* ConfigureReminderReps.swift in Sources */ = {isa = PBXBuildFile; fileRef = DE96ECA41CBE1C8900BAE7A8 /* ConfigureReminderReps.swift */; };
		DE96ECA71CBEDCE200BAE7A8 /* CalendarActions.swift in Sources */ = {isa = PBXBuildFile; fileRef = DE96ECA61CBEDCE200BAE7A8 /* CalendarActions.swift */; };
		DEFE09A01C3F380900484061 /* ComposeNoteViewController.swift in Sources */ = {isa = PBXBuildFile; fileRef = DEFE099F1C3F380900484061 /* ComposeNoteViewController.swift */; };
		DEFE09A21C3F486800484061 /* BetaNote.swift in Sources */ = {isa = PBXBuildFile; fileRef = DEFE09A11C3F486800484061 /* BetaNote.swift */; };
		DEFE09A61C4093FE00484061 /* NoteContentsViewController.swift in Sources */ = {isa = PBXBuildFile; fileRef = DEFE09A51C4093FE00484061 /* NoteContentsViewController.swift */; };
/* End PBXBuildFile section */

/* Begin PBXFileReference section */
		DE1ABBFE1CA3B7A900C3EBE5 /* EventKit.framework */ = {isa = PBXFileReference; lastKnownFileType = wrapper.framework; name = EventKit.framework; path = System/Library/Frameworks/EventKit.framework; sourceTree = SDKROOT; };
		DE1ABC561CA5ADCA00C3EBE5 /* SetReminderViewController.swift */ = {isa = PBXFileReference; fileEncoding = 4; lastKnownFileType = sourcecode.swift; path = SetReminderViewController.swift; sourceTree = "<group>"; };
		DE2D37581C9E285500F30575 /* PadPersistence.swift */ = {isa = PBXFileReference; fileEncoding = 4; lastKnownFileType = sourcecode.swift; path = PadPersistence.swift; sourceTree = "<group>"; };
		DE8BBECD1C339B4900482DA7 /* NotePad Lite.app */ = {isa = PBXFileReference; explicitFileType = wrapper.application; includeInIndex = 0; path = "NotePad Lite.app"; sourceTree = BUILT_PRODUCTS_DIR; };
		DE8BBED01C339B4900482DA7 /* AppDelegate.swift */ = {isa = PBXFileReference; lastKnownFileType = sourcecode.swift; path = AppDelegate.swift; sourceTree = "<group>"; };
		DE8BBED21C339B4900482DA7 /* NotepadTableViewController.swift */ = {isa = PBXFileReference; lastKnownFileType = sourcecode.swift; path = NotepadTableViewController.swift; sourceTree = "<group>"; };
		DE8BBED51C339B4900482DA7 /* Base */ = {isa = PBXFileReference; lastKnownFileType = file.storyboard; name = Base; path = Base.lproj/Main.storyboard; sourceTree = "<group>"; };
		DE8BBEDA1C339B4900482DA7 /* Assets.xcassets */ = {isa = PBXFileReference; lastKnownFileType = folder.assetcatalog; path = Assets.xcassets; sourceTree = "<group>"; };
		DE8BBEDD1C339B4900482DA7 /* Base */ = {isa = PBXFileReference; lastKnownFileType = file.storyboard; name = Base; path = Base.lproj/LaunchScreen.storyboard; sourceTree = "<group>"; };
		DE8BBEDF1C339B4900482DA7 /* Info.plist */ = {isa = PBXFileReference; lastKnownFileType = text.plist.xml; path = Info.plist; sourceTree = "<group>"; };
		DE96ECA41CBE1C8900BAE7A8 /* ConfigureReminderReps.swift */ = {isa = PBXFileReference; fileEncoding = 4; lastKnownFileType = sourcecode.swift; path = ConfigureReminderReps.swift; sourceTree = "<group>"; };
		DE96ECA61CBEDCE200BAE7A8 /* CalendarActions.swift */ = {isa = PBXFileReference; fileEncoding = 4; lastKnownFileType = sourcecode.swift; path = CalendarActions.swift; sourceTree = "<group>"; };
		DEFE099F1C3F380900484061 /* ComposeNoteViewController.swift */ = {isa = PBXFileReference; fileEncoding = 4; lastKnownFileType = sourcecode.swift; path = ComposeNoteViewController.swift; sourceTree = "<group>"; };
		DEFE09A11C3F486800484061 /* BetaNote.swift */ = {isa = PBXFileReference; fileEncoding = 4; lastKnownFileType = sourcecode.swift; path = BetaNote.swift; sourceTree = "<group>"; };
		DEFE09A51C4093FE00484061 /* NoteContentsViewController.swift */ = {isa = PBXFileReference; fileEncoding = 4; lastKnownFileType = sourcecode.swift; path = NoteContentsViewController.swift; sourceTree = "<group>"; };
/* End PBXFileReference section */

/* Begin PBXFrameworksBuildPhase section */
		DE8BBECA1C339B4900482DA7 /* Frameworks */ = {
			isa = PBXFrameworksBuildPhase;
			buildActionMask = 2147483647;
			files = (
				DE1ABBFF1CA3B7A900C3EBE5 /* EventKit.framework in Frameworks */,
			);
			runOnlyForDeploymentPostprocessing = 0;
		};
/* End PBXFrameworksBuildPhase section */

/* Begin PBXGroup section */
		DE8BBEC41C339B4900482DA7 = {
			isa = PBXGroup;
			children = (
				DE1ABBFE1CA3B7A900C3EBE5 /* EventKit.framework */,
				DE8BBECF1C339B4900482DA7 /* simple notepad */,
				DE8BBECE1C339B4900482DA7 /* Products */,
			);
			sourceTree = "<group>";
		};
		DE8BBECE1C339B4900482DA7 /* Products */ = {
			isa = PBXGroup;
			children = (
				DE8BBECD1C339B4900482DA7 /* NotePad Lite.app */,
			);
			name = Products;
			sourceTree = "<group>";
		};
		DE8BBECF1C339B4900482DA7 /* simple notepad */ = {
			isa = PBXGroup;
			children = (
				DE8BBED01C339B4900482DA7 /* AppDelegate.swift */,
				DED809E81C9E429D00A3FA28 /* View Controllers */,
				DED809E71C9E428F00A3FA28 /* Models */,
				DE8BBED41C339B4900482DA7 /* Main.storyboard */,
				DE8BBEDA1C339B4900482DA7 /* Assets.xcassets */,
				DE8BBEDC1C339B4900482DA7 /* LaunchScreen.storyboard */,
				DE8BBEDF1C339B4900482DA7 /* Info.plist */,
			);
			path = "simple notepad";
			sourceTree = "<group>";
		};
		DED809E71C9E428F00A3FA28 /* Models */ = {
			isa = PBXGroup;
			children = (
				DE2D37581C9E285500F30575 /* PadPersistence.swift */,
				DE96ECA61CBEDCE200BAE7A8 /* CalendarActions.swift */,
				DEFE09A11C3F486800484061 /* BetaNote.swift */,
			);
			name = Models;
			sourceTree = "<group>";
		};
		DED809E81C9E429D00A3FA28 /* View Controllers */ = {
			isa = PBXGroup;
			children = (
				DE8BBED21C339B4900482DA7 /* NotepadTableViewController.swift */,
				DEFE099F1C3F380900484061 /* ComposeNoteViewController.swift */,
				DEFE09A51C4093FE00484061 /* NoteContentsViewController.swift */,
				DE1ABC561CA5ADCA00C3EBE5 /* SetReminderViewController.swift */,
				DE96ECA41CBE1C8900BAE7A8 /* ConfigureReminderReps.swift */,
			);
			name = "View Controllers";
			sourceTree = "<group>";
		};
/* End PBXGroup section */

/* Begin PBXNativeTarget section */
		DE8BBECC1C339B4900482DA7 /* NotePad Lite */ = {
			isa = PBXNativeTarget;
			buildConfigurationList = DE8BBEE21C339B4900482DA7 /* Build configuration list for PBXNativeTarget "NotePad Lite" */;
			buildPhases = (
				DE8BBEC91C339B4900482DA7 /* Sources */,
				DE8BBECA1C339B4900482DA7 /* Frameworks */,
				DE8BBECB1C339B4900482DA7 /* Resources */,
			);
			buildRules = (
			);
			dependencies = (
			);
			name = "NotePad Lite";
			productName = "simple notepad";
			productReference = DE8BBECD1C339B4900482DA7 /* NotePad Lite.app */;
			productType = "com.apple.product-type.application";
		};
/* End PBXNativeTarget section */

/* Begin PBXProject section */
		DE8BBEC51C339B4900482DA7 /* Project object */ = {
			isa = PBXProject;
			attributes = {
				LastSwiftUpdateCheck = 0710;
				LastUpgradeCheck = 0710;
				ORGANIZATIONNAME = "Roland Gill";
				TargetAttributes = {
					DE8BBECC1C339B4900482DA7 = {
						CreatedOnToolsVersion = 7.1;
						DevelopmentTeam = 9YXQ5SLNJM;
					};
				};
			};
			buildConfigurationList = DE8BBEC81C339B4900482DA7 /* Build configuration list for PBXProject "NotePad Lite" */;
			compatibilityVersion = "Xcode 3.2";
			developmentRegion = English;
			hasScannedForEncodings = 0;
			knownRegions = (
				en,
				Base,
			);
			mainGroup = DE8BBEC41C339B4900482DA7;
			productRefGroup = DE8BBECE1C339B4900482DA7 /* Products */;
			projectDirPath = "";
			projectRoot = "";
			targets = (
				DE8BBECC1C339B4900482DA7 /* NotePad Lite */,
			);
		};
/* End PBXProject section */

/* Begin PBXResourcesBuildPhase section */
		DE8BBECB1C339B4900482DA7 /* Resources */ = {
			isa = PBXResourcesBuildPhase;
			buildActionMask = 2147483647;
			files = (
				DE8BBEDE1C339B4900482DA7 /* LaunchScreen.storyboard in Resources */,
				DE8BBEDB1C339B4900482DA7 /* Assets.xcassets in Resources */,
				DE8BBED61C339B4900482DA7 /* Main.storyboard in Resources */,
			);
			runOnlyForDeploymentPostprocessing = 0;
		};
/* End PBXResourcesBuildPhase section */

/* Begin PBXSourcesBuildPhase section */
		DE8BBEC91C339B4900482DA7 /* Sources */ = {
			isa = PBXSourcesBuildPhase;
			buildActionMask = 2147483647;
			files = (
				DE96ECA51CBE1C8900BAE7A8 /* ConfigureReminderReps.swift in Sources */,
				DEFE09A61C4093FE00484061 /* NoteContentsViewController.swift in Sources */,
				DE2D37591C9E285500F30575 /* PadPersistence.swift in Sources */,
				DEFE09A21C3F486800484061 /* BetaNote.swift in Sources */,
				DE1ABC571CA5ADCA00C3EBE5 /* SetReminderViewController.swift in Sources */,
				DE8BBED31C339B4900482DA7 /* NotepadTableViewController.swift in Sources */,
				DE96ECA71CBEDCE200BAE7A8 /* CalendarActions.swift in Sources */,
				DEFE09A01C3F380900484061 /* ComposeNoteViewController.swift in Sources */,
				DE8BBED11C339B4900482DA7 /* AppDelegate.swift in Sources */,
			);
			runOnlyForDeploymentPostprocessing = 0;
		};
/* End PBXSourcesBuildPhase section */

/* Begin PBXVariantGroup section */
		DE8BBED41C339B4900482DA7 /* Main.storyboard */ = {
			isa = PBXVariantGroup;
			children = (
				DE8BBED51C339B4900482DA7 /* Base */,
			);
			name = Main.storyboard;
			sourceTree = "<group>";
		};
		DE8BBEDC1C339B4900482DA7 /* LaunchScreen.storyboard */ = {
			isa = PBXVariantGroup;
			children = (
				DE8BBEDD1C339B4900482DA7 /* Base */,
			);
			name = LaunchScreen.storyboard;
			sourceTree = "<group>";
		};
/* End PBXVariantGroup section */

/* Begin XCBuildConfiguration section */
		DE8BBEE01C339B4900482DA7 /* Debug */ = {
			isa = XCBuildConfiguration;
			buildSettings = {
				ALWAYS_SEARCH_USER_PATHS = NO;
				CLANG_CXX_LANGUAGE_STANDARD = "gnu++0x";
				CLANG_CXX_LIBRARY = "libc++";
				CLANG_ENABLE_MODULES = YES;
				CLANG_ENABLE_OBJC_ARC = YES;
				CLANG_WARN_BOOL_CONVERSION = YES;
				CLANG_WARN_CONSTANT_CONVERSION = YES;
				CLANG_WARN_DIRECT_OBJC_ISA_USAGE = YES_ERROR;
				CLANG_WARN_EMPTY_BODY = YES;
				CLANG_WARN_ENUM_CONVERSION = YES;
				CLANG_WARN_INT_CONVERSION = YES;
				CLANG_WARN_OBJC_ROOT_CLASS = YES_ERROR;
				CLANG_WARN_UNREACHABLE_CODE = YES;
				CLANG_WARN__DUPLICATE_METHOD_MATCH = YES;
				"CODE_SIGN_IDENTITY[sdk=iphoneos*]" = "iPhone Developer";
				COPY_PHASE_STRIP = NO;
				DEBUG_INFORMATION_FORMAT = dwarf;
				ENABLE_STRICT_OBJC_MSGSEND = YES;
				ENABLE_TESTABILITY = YES;
				GCC_C_LANGUAGE_STANDARD = gnu99;
				GCC_DYNAMIC_NO_PIC = NO;
				GCC_NO_COMMON_BLOCKS = YES;
				GCC_OPTIMIZATION_LEVEL = 0;
				GCC_PREPROCESSOR_DEFINITIONS = (
					"DEBUG=1",
					"$(inherited)",
				);
				GCC_WARN_64_TO_32_BIT_CONVERSION = YES;
				GCC_WARN_ABOUT_RETURN_TYPE = YES_ERROR;
				GCC_WARN_UNDECLARED_SELECTOR = YES;
				GCC_WARN_UNINITIALIZED_AUTOS = YES_AGGRESSIVE;
				GCC_WARN_UNUSED_FUNCTION = YES;
				GCC_WARN_UNUSED_VARIABLE = YES;
				IPHONEOS_DEPLOYMENT_TARGET = 9.1;
				MTL_ENABLE_DEBUG_INFO = YES;
				ONLY_ACTIVE_ARCH = YES;
				SDKROOT = iphoneos;
				SWIFT_OPTIMIZATION_LEVEL = "-Onone";
			};
			name = Debug;
		};
		DE8BBEE11C339B4900482DA7 /* Release */ = {
			isa = XCBuildConfiguration;
			buildSettings = {
				ALWAYS_SEARCH_USER_PATHS = NO;
				CLANG_CXX_LANGUAGE_STANDARD = "gnu++0x";
				CLANG_CXX_LIBRARY = "libc++";
				CLANG_ENABLE_MODULES = YES;
				CLANG_ENABLE_OBJC_ARC = YES;
				CLANG_WARN_BOOL_CONVERSION = YES;
				CLANG_WARN_CONSTANT_CONVERSION = YES;
				CLANG_WARN_DIRECT_OBJC_ISA_USAGE = YES_ERROR;
				CLANG_WARN_EMPTY_BODY = YES;
				CLANG_WARN_ENUM_CONVERSION = YES;
				CLANG_WARN_INT_CONVERSION = YES;
				CLANG_WARN_OBJC_ROOT_CLASS = YES_ERROR;
				CLANG_WARN_UNREACHABLE_CODE = YES;
				CLANG_WARN__DUPLICATE_METHOD_MATCH = YES;
				"CODE_SIGN_IDENTITY[sdk=iphoneos*]" = "iPhone Developer";
				COPY_PHASE_STRIP = NO;
				DEBUG_INFORMATION_FORMAT = "dwarf-with-dsym";
				ENABLE_NS_ASSERTIONS = NO;
				ENABLE_STRICT_OBJC_MSGSEND = YES;
				GCC_C_LANGUAGE_STANDARD = gnu99;
				GCC_NO_COMMON_BLOCKS = YES;
				GCC_WARN_64_TO_32_BIT_CONVERSION = YES;
				GCC_WARN_ABOUT_RETURN_TYPE = YES_ERROR;
				GCC_WARN_UNDECLARED_SELECTOR = YES;
				GCC_WARN_UNINITIALIZED_AUTOS = YES_AGGRESSIVE;
				GCC_WARN_UNUSED_FUNCTION = YES;
				GCC_WARN_UNUSED_VARIABLE = YES;
				IPHONEOS_DEPLOYMENT_TARGET = 9.1;
				MTL_ENABLE_DEBUG_INFO = NO;
				SDKROOT = iphoneos;
				VALIDATE_PRODUCT = YES;
			};
			name = Release;
		};
		DE8BBEE31C339B4900482DA7 /* Debug */ = {
			isa = XCBuildConfiguration;
			buildSettings = {
				ASSETCATALOG_COMPILER_APPICON_NAME = AppIcon;
				CODE_SIGN_IDENTITY = "iPhone Developer";
				"CODE_SIGN_IDENTITY[sdk=iphoneos*]" = "iPhone Developer";
				INFOPLIST_FILE = "simple notepad/Info.plist";
				LD_RUNPATH_SEARCH_PATHS = "$(inherited) @executable_path/Frameworks";
				PRODUCT_BUNDLE_IDENTIFIER = "com.roland.simple-notepad";
				PRODUCT_NAME = "NotePad Lite";
				PROVISIONING_PROFILE = "";
			};
			name = Debug;
		};
		DE8BBEE41C339B4900482DA7 /* Release */ = {
			isa = XCBuildConfiguration;
			buildSettings = {
				ASSETCATALOG_COMPILER_APPICON_NAME = AppIcon;
				CODE_SIGN_IDENTITY = "iPhone Developer";
				"CODE_SIGN_IDENTITY[sdk=iphoneos*]" = "iPhone Developer";
				INFOPLIST_FILE = "simple notepad/Info.plist";
				LD_RUNPATH_SEARCH_PATHS = "$(inherited) @executable_path/Frameworks";
				PRODUCT_BUNDLE_IDENTIFIER = "com.roland.simple-notepad";
				PRODUCT_NAME = "NotePad Lite";
				PROVISIONING_PROFILE = "";
			};
			name = Release;
		};
/* End XCBuildConfiguration section */

/* Begin XCConfigurationList section */
		DE8BBEC81C339B4900482DA7 /* Build configuration list for PBXProject "NotePad Lite" */ = {
			isa = XCConfigurationList;
			buildConfigurations = (
				DE8BBEE01C339B4900482DA7 /* Debug */,
				DE8BBEE11C339B4900482DA7 /* Release */,
			);
			defaultConfigurationIsVisible = 0;
			defaultConfigurationName = Release;
		};
		DE8BBEE21C339B4900482DA7 /* Build configuration list for PBXNativeTarget "NotePad Lite" */ = {
			isa = XCConfigurationList;
			buildConfigurations = (
				DE8BBEE31C339B4900482DA7 /* Debug */,
				DE8BBEE41C339B4900482DA7 /* Release */,
			);
			defaultConfigurationIsVisible = 0;
			defaultConfigurationName = Release;
		};
/* End XCConfigurationList section */
	};
	rootObject = DE8BBEC51C339B4900482DA7 /* Project object */;
}
